
Microsoft Visual Studio Solution File, Format Version 12.00
# Visual Studio Version 16
VisualStudioVersion = 16.0.29215.179
MinimumVisualStudioVersion = 10.0.40219.1
Project("{FAE04EC0-301F-11D3-BF4B-00C04F79EFBC}") = "order-coffee", "order-coffe\order-coffee.csproj", "{15A3F4C4-3F7B-4065-B177-1650B333E63B}"
EndProject
Global
	GlobalSection(SolutionConfigurationPlatforms) = preSolution
		Debug|Any CPU = Debug|Any CPU
		Release|Any CPU = Release|Any CPU
	EndGlobalSection
	GlobalSection(ProjectConfigurationPlatforms) = postSolution
		{15A3F4C4-3F7B-4065-B177-1650B333E63B}.Debug|Any CPU.ActiveCfg = Debug|Any CPU
		{15A3F4C4-3F7B-4065-B177-1650B333E63B}.Debug|Any CPU.Build.0 = Debug|Any CPU
		{15A3F4C4-3F7B-4065-B177-1650B333E63B}.Release|Any CPU.ActiveCfg = Release|Any CPU
		{15A3F4C4-3F7B-4065-B177-1650B333E63B}.Release|Any CPU.Build.0 = Release|Any CPU
	EndGlobalSection
	GlobalSection(SolutionProperties) = preSolution
		HideSolutionNode = FALSE
	EndGlobalSection
	GlobalSection(ExtensibilityGlobals) = postSolution
		SolutionGuid = {D719F168-3D4A-4A18-8279-EB41358ED59B}
	EndGlobalSection
EndGlobal
